
Microsoft Visual Studio Solution File, Format Version 12.00
# Visual Studio Version 17
VisualStudioVersion = 17.2.32526.322
MinimumVisualStudioVersion = 10.0.40219.1
Project("{9A19103F-16F7-4668-BE54-9A1E7A4F7556}") = "WebApiConcecionaria", "WebApiConcecionaria\WebApiConcecionaria.csproj", "{8BA51E41-42DA-499A-9BAB-376410F91554}"
EndProject
Project("{9A19103F-16F7-4668-BE54-9A1E7A4F7556}") = "API.Core.Business", "API.Core.Business\API.Core.Business.csproj", "{D4B5185C-5D07-4090-9109-CD92C6587102}"
EndProject
Project("{9A19103F-16F7-4668-BE54-9A1E7A4F7556}") = "API.Data.Core", "API.Data.Core\API.Data.Core.csproj", "{9FEDC3BF-0261-4493-A5A0-7D8A7D3201F7}"
EndProject
Project("{9A19103F-16F7-4668-BE54-9A1E7A4F7556}") = "API.Generic.Core", "API.Generic.Core\API.Generic.Core.csproj", "{25EDD379-22CD-4643-A19F-067D4DE453AE}"
EndProject
Project("{9A19103F-16F7-4668-BE54-9A1E7A4F7556}") = "API.Uses.Cases", "API.Uses.Cases\API.Uses.Cases.csproj", "{2E647925-D5C5-4CDF-85B5-43D6CF2C5D93}"
EndProject
Project("{9A19103F-16F7-4668-BE54-9A1E7A4F7556}") = "Testing", "Testing\Testing.csproj", "{4B2A54ED-47A5-4C89-B329-3300F4745741}"
EndProject
Project("{FAE04EC0-301F-11D3-BF4B-00C04F79EFBC}") = "Middleware", "Middleware\Middleware.csproj", "{95B16ACB-58DF-4F7C-8A28-4FE651F9F6AD}"
EndProject
Global
	GlobalSection(SolutionConfigurationPlatforms) = preSolution
		Debug|Any CPU = Debug|Any CPU
		Release|Any CPU = Release|Any CPU
	EndGlobalSection
	GlobalSection(ProjectConfigurationPlatforms) = postSolution
		{8BA51E41-42DA-499A-9BAB-376410F91554}.Debug|Any CPU.ActiveCfg = Debug|Any CPU
		{8BA51E41-42DA-499A-9BAB-376410F91554}.Debug|Any CPU.Build.0 = Debug|Any CPU
		{8BA51E41-42DA-499A-9BAB-376410F91554}.Release|Any CPU.ActiveCfg = Release|Any CPU
		{8BA51E41-42DA-499A-9BAB-376410F91554}.Release|Any CPU.Build.0 = Release|Any CPU
		{D4B5185C-5D07-4090-9109-CD92C6587102}.Debug|Any CPU.ActiveCfg = Debug|Any CPU
		{D4B5185C-5D07-4090-9109-CD92C6587102}.Debug|Any CPU.Build.0 = Debug|Any CPU
		{D4B5185C-5D07-4090-9109-CD92C6587102}.Release|Any CPU.ActiveCfg = Release|Any CPU
		{D4B5185C-5D07-4090-9109-CD92C6587102}.Release|Any CPU.Build.0 = Release|Any CPU
		{9FEDC3BF-0261-4493-A5A0-7D8A7D3201F7}.Debug|Any CPU.ActiveCfg = Debug|Any CPU
		{9FEDC3BF-0261-4493-A5A0-7D8A7D3201F7}.Debug|Any CPU.Build.0 = Debug|Any CPU
		{9FEDC3BF-0261-4493-A5A0-7D8A7D3201F7}.Release|Any CPU.ActiveCfg = Release|Any CPU
		{9FEDC3BF-0261-4493-A5A0-7D8A7D3201F7}.Release|Any CPU.Build.0 = Release|Any CPU
		{25EDD379-22CD-4643-A19F-067D4DE453AE}.Debug|Any CPU.ActiveCfg = Debug|Any CPU
		{25EDD379-22CD-4643-A19F-067D4DE453AE}.Debug|Any CPU.Build.0 = Debug|Any CPU
		{25EDD379-22CD-4643-A19F-067D4DE453AE}.Release|Any CPU.ActiveCfg = Release|Any CPU
		{25EDD379-22CD-4643-A19F-067D4DE453AE}.Release|Any CPU.Build.0 = Release|Any CPU
		{2E647925-D5C5-4CDF-85B5-43D6CF2C5D93}.Debug|Any CPU.ActiveCfg = Debug|Any CPU
		{2E647925-D5C5-4CDF-85B5-43D6CF2C5D93}.Debug|Any CPU.Build.0 = Debug|Any CPU
		{2E647925-D5C5-4CDF-85B5-43D6CF2C5D93}.Release|Any CPU.ActiveCfg = Release|Any CPU
		{2E647925-D5C5-4CDF-85B5-43D6CF2C5D93}.Release|Any CPU.Build.0 = Release|Any CPU
		{4B2A54ED-47A5-4C89-B329-3300F4745741}.Debug|Any CPU.ActiveCfg = Debug|Any CPU
		{4B2A54ED-47A5-4C89-B329-3300F4745741}.Debug|Any CPU.Build.0 = Debug|Any CPU
		{4B2A54ED-47A5-4C89-B329-3300F4745741}.Release|Any CPU.ActiveCfg = Release|Any CPU
		{4B2A54ED-47A5-4C89-B329-3300F4745741}.Release|Any CPU.Build.0 = Release|Any CPU
		{95B16ACB-58DF-4F7C-8A28-4FE651F9F6AD}.Debug|Any CPU.ActiveCfg = Debug|Any CPU
		{95B16ACB-58DF-4F7C-8A28-4FE651F9F6AD}.Debug|Any CPU.Build.0 = Debug|Any CPU
		{95B16ACB-58DF-4F7C-8A28-4FE651F9F6AD}.Release|Any CPU.ActiveCfg = Release|Any CPU
		{95B16ACB-58DF-4F7C-8A28-4FE651F9F6AD}.Release|Any CPU.Build.0 = Release|Any CPU
	EndGlobalSection
	GlobalSection(SolutionProperties) = preSolution
		HideSolutionNode = FALSE
	EndGlobalSection
	GlobalSection(ExtensibilityGlobals) = postSolution
		SolutionGuid = {377F2C90-4142-44D4-9710-3E7FD2EF54F0}
	EndGlobalSection
EndGlobal
